
Microsoft Visual Studio Solution File, Format Version 12.00
# Visual Studio Version 17
VisualStudioVersion = 17.5.002.0
MinimumVisualStudioVersion = 10.0.40219.1
Project("{9A19103F-16F7-4668-BE54-9A1E7A4F7556}") = "referly", "referly.csproj", "{D47CBF08-CF71-459F-97DF-F7265377B0D8}"
EndProject
Global
	GlobalSection(SolutionConfigurationPlatforms) = preSolution
		Debug|Any CPU = Debug|Any CPU
		Release|Any CPU = Release|Any CPU
	EndGlobalSection
	GlobalSection(ProjectConfigurationPlatforms) = postSolution
		{D47CBF08-CF71-459F-97DF-F7265377B0D8}.Debug|Any CPU.ActiveCfg = Debug|Any CPU
		{D47CBF08-CF71-459F-97DF-F7265377B0D8}.Debug|Any CPU.Build.0 = Debug|Any CPU
		{D47CBF08-CF71-459F-97DF-F7265377B0D8}.Release|Any CPU.ActiveCfg = Release|Any CPU
		{D47CBF08-CF71-459F-97DF-F7265377B0D8}.Release|Any CPU.Build.0 = Release|Any CPU
	EndGlobalSection
	GlobalSection(SolutionProperties) = preSolution
		HideSolutionNode = FALSE
	EndGlobalSection
	GlobalSection(ExtensibilityGlobals) = postSolution
		SolutionGuid = {5C1A1EE7-3170-4114-AFE9-839E0B565B1A}
	EndGlobalSection
EndGlobal
